// !$*UTF8*$!
{
	archiveVersion = 1;
	classes = {
	};
	objectVersion = 46;
	objects = {

/* Begin PBXBuildFile section */
		DDCE48BE1A825AF0004C67CC /* main.m in Sources */ = {isa = PBXBuildFile; fileRef = DDCE48BD1A825AF0004C67CC /* main.m */; };
		DDD017321A82AB59007E30B0 /* EMPREGADO.m in Sources */ = {isa = PBXBuildFile; fileRef = DDD017311A82AB59007E30B0 /* EMPREGADO.m */; };
/* End PBXBuildFile section */

/* Begin PBXCopyFilesBuildPhase section */
		DDCE48B81A825AEF004C67CC /* CopyFiles */ = {
			isa = PBXCopyFilesBuildPhase;
			buildActionMask = 2147483647;
			dstPath = /usr/share/man/man1/;
			dstSubfolderSpec = 0;
			files = (
			);
			runOnlyForDeploymentPostprocessing = 1;
		};
/* End PBXCopyFilesBuildPhase section */

/* Begin PBXFileReference section */
		DDCE48BA1A825AEF004C67CC /* programa2 */ = {isa = PBXFileReference; explicitFileType = "compiled.mach-o.executable"; includeInIndex = 0; path = programa2; sourceTree = BUILT_PRODUCTS_DIR; };
		DDCE48BD1A825AF0004C67CC /* main.m */ = {isa = PBXFileReference; lastKnownFileType = sourcecode.c.objc; path = main.m; sourceTree = "<group>"; };
		DDD017301A82AB59007E30B0 /* EMPREGADO.h */ = {isa = PBXFileReference; fileEncoding = 4; lastKnownFileType = sourcecode.c.h; path = EMPREGADO.h; sourceTree = "<group>"; };
		DDD017311A82AB59007E30B0 /* EMPREGADO.m */ = {isa = PBXFileReference; fileEncoding = 4; lastKnownFileType = sourcecode.c.objc; path = EMPREGADO.m; sourceTree = "<group>"; };
/* End PBXFileReference section */

/* Begin PBXFrameworksBuildPhase section */
		DDCE48B71A825AEF004C67CC /* Frameworks */ = {
			isa = PBXFrameworksBuildPhase;
			buildActionMask = 2147483647;
			files = (
			);
			runOnlyForDeploymentPostprocessing = 0;
		};
/* End PBXFrameworksBuildPhase section */

/* Begin PBXGroup section */
		DDCE48B11A825AEF004C67CC = {
			isa = PBXGroup;
			children = (
				DDD017301A82AB59007E30B0 /* EMPREGADO.h */,
				DDD017311A82AB59007E30B0 /* EMPREGADO.m */,
				DDCE48BC1A825AEF004C67CC /* programa2 */,
				DDCE48BB1A825AEF004C67CC /* Products */,
			);
			sourceTree = "<group>";
		};
		DDCE48BB1A825AEF004C67CC /* Products */ = {
			isa = PBXGroup;
			children = (
				DDCE48BA1A825AEF004C67CC /* programa2 */,
			);
			name = Products;
			sourceTree = "<group>";
		};
		DDCE48BC1A825AEF004C67CC /* programa2 */ = {
			isa = PBXGroup;
			children = (
				DDCE48BD1A825AF0004C67CC /* main.m */,
			);
			path = programa2;
			sourceTree = "<group>";
		};
/* End PBXGroup section */

/* Begin PBXNativeTarget section */
		DDCE48B91A825AEF004C67CC /* programa2 */ = {
			isa = PBXNativeTarget;
			buildConfigurationList = DDCE48C11A825AF0004C67CC /* Build configuration list for PBXNativeTarget "programa2" */;
			buildPhases = (
				DDCE48B61A825AEF004C67CC /* Sources */,
				DDCE48B71A825AEF004C67CC /* Frameworks */,
				DDCE48B81A825AEF004C67CC /* CopyFiles */,
			);
			buildRules = (
			);
			dependencies = (
			);
			name = programa2;
			productName = programa2;
			productReference = DDCE48BA1A825AEF004C67CC /* programa2 */;
			productType = "com.apple.product-type.tool";
		};
/* End PBXNativeTarget section */

/* Begin PBXProject section */
		DDCE48B21A825AEF004C67CC /* Project object */ = {
			isa = PBXProject;
			attributes = {
				LastUpgradeCheck = 0610;
				ORGANIZATIONNAME = "Matheus Amancio Seixeiro";
				TargetAttributes = {
					DDCE48B91A825AEF004C67CC = {
						CreatedOnToolsVersion = 6.1.1;
					};
				};
			};
			buildConfigurationList = DDCE48B51A825AEF004C67CC /* Build configuration list for PBXProject "programa2" */;
			compatibilityVersion = "Xcode 3.2";
			developmentRegion = English;
			hasScannedForEncodings = 0;
			knownRegions = (
				en,
			);
			mainGroup = DDCE48B11A825AEF004C67CC;
			productRefGroup = DDCE48BB1A825AEF004C67CC /* Products */;
			projectDirPath = "";
			projectRoot = "";
			targets = (
				DDCE48B91A825AEF004C67CC /* programa2 */,
			);
		};
/* End PBXProject section */

/* Begin PBXSourcesBuildPhase section */
		DDCE48B61A825AEF004C67CC /* Sources */ = {
			isa = PBXSourcesBuildPhase;
			buildActionMask = 2147483647;
			files = (
				DDD017321A82AB59007E30B0 /* EMPREGADO.m in Sources */,
				DDCE48BE1A825AF0004C67CC /* main.m in Sources */,
			);
			runOnlyForDeploymentPostprocessing = 0;
		};
/* End PBXSourcesBuildPhase section */

/* Begin XCBuildConfiguration section */
		DDCE48BF1A825AF0004C67CC /* Debug */ = {
			isa = XCBuildConfiguration;
			buildSettings = {
				ALWAYS_SEARCH_USER_PATHS = NO;
				CLANG_CXX_LANGUAGE_STANDARD = "gnu++0x";
				CLANG_CXX_LIBRARY = "libc++";
				CLANG_ENABLE_MODULES = YES;
				CLANG_ENABLE_OBJC_ARC = YES;
				CLANG_WARN_BOOL_CONVERSION = YES;
				CLANG_WARN_CONSTANT_CONVERSION = YES;
				CLANG_WARN_DIRECT_OBJC_ISA_USAGE = YES_ERROR;
				CLANG_WARN_EMPTY_BODY = YES;
				CLANG_WARN_ENUM_CONVERSION = YES;
				CLANG_WARN_INT_CONVERSION = YES;
				CLANG_WARN_OBJC_ROOT_CLASS = YES_ERROR;
				CLANG_WARN_UNREACHABLE_CODE = YES;
				CLANG_WARN__DUPLICATE_METHOD_MATCH = YES;
				COPY_PHASE_STRIP = NO;
				ENABLE_STRICT_OBJC_MSGSEND = YES;
				GCC_C_LANGUAGE_STANDARD = gnu99;
				GCC_DYNAMIC_NO_PIC = NO;
				GCC_OPTIMIZATION_LEVEL = 0;
				GCC_PREPROCESSOR_DEFINITIONS = (
					"DEBUG=1",
					"$(inherited)",
				);
				GCC_SYMBOLS_PRIVATE_EXTERN = NO;
				GCC_WARN_64_TO_32_BIT_CONVERSION = YES;
				GCC_WARN_ABOUT_RETURN_TYPE = YES_ERROR;
				GCC_WARN_UNDECLARED_SELECTOR = YES;
				GCC_WARN_UNINITIALIZED_AUTOS = YES_AGGRESSIVE;
				GCC_WARN_UNUSED_FUNCTION = YES;
				GCC_WARN_UNUSED_VARIABLE = YES;
				MACOSX_DEPLOYMENT_TARGET = 10.10;
				MTL_ENABLE_DEBUG_INFO = YES;
				ONLY_ACTIVE_ARCH = YES;
				SDKROOT = macosx;
			};
			name = Debug;
		};
		DDCE48C01A825AF0004C67CC /* Release */ = {
			isa = XCBuildConfiguration;
			buildSettings = {
				ALWAYS_SEARCH_USER_PATHS = NO;
				CLANG_CXX_LANGUAGE_STANDARD = "gnu++0x";
				CLANG_CXX_LIBRARY = "libc++";
				CLANG_ENABLE_MODULES = YES;
				CLANG_ENABLE_OBJC_ARC = YES;
				CLANG_WARN_BOOL_CONVERSION = YES;
				CLANG_WARN_CONSTANT_CONVERSION = YES;
				CLANG_WARN_DIRECT_OBJC_ISA_USAGE = YES_ERROR;
				CLANG_WARN_EMPTY_BODY = YES;
				CLANG_WARN_ENUM_CONVERSION = YES;
				CLANG_WARN_INT_CONVERSION = YES;
				CLANG_WARN_OBJC_ROOT_CLASS = YES_ERROR;
				CLANG_WARN_UNREACHABLE_CODE = YES;
				CLANG_WARN__DUPLICATE_METHOD_MATCH = YES;
				COPY_PHASE_STRIP = YES;
				DEBUG_INFORMATION_FORMAT = "dwarf-with-dsym";
				ENABLE_NS_ASSERTIONS = NO;
				ENABLE_STRICT_OBJC_MSGSEND = YES;
				GCC_C_LANGUAGE_STANDARD = gnu99;
				GCC_WARN_64_TO_32_BIT_CONVERSION = YES;
				GCC_WARN_ABOUT_RETURN_TYPE = YES_ERROR;
				GCC_WARN_UNDECLARED_SELECTOR = YES;
				GCC_WARN_UNINITIALIZED_AUTOS = YES_AGGRESSIVE;
				GCC_WARN_UNUSED_FUNCTION = YES;
				GCC_WARN_UNUSED_VARIABLE = YES;
				MACOSX_DEPLOYMENT_TARGET = 10.10;
				MTL_ENABLE_DEBUG_INFO = NO;
				SDKROOT = macosx;
			};
			name = Release;
		};
		DDCE48C21A825AF0004C67CC /* Debug */ = {
			isa = XCBuildConfiguration;
			buildSettings = {
				PRODUCT_NAME = "$(TARGET_NAME)";
			};
			name = Debug;
		};
		DDCE48C31A825AF0004C67CC /* Release */ = {
			isa = XCBuildConfiguration;
			buildSettings = {
				PRODUCT_NAME = "$(TARGET_NAME)";
			};
			name = Release;
		};
/* End XCBuildConfiguration section */

/* Begin XCConfigurationList section */
		DDCE48B51A825AEF004C67CC /* Build configuration list for PBXProject "programa2" */ = {
			isa = XCConfigurationList;
			buildConfigurations = (
				DDCE48BF1A825AF0004C67CC /* Debug */,
				DDCE48C01A825AF0004C67CC /* Release */,
			);
			defaultConfigurationIsVisible = 0;
			defaultConfigurationName = Release;
		};
		DDCE48C11A825AF0004C67CC /* Build configuration list for PBXNativeTarget "programa2" */ = {
			isa = XCConfigurationList;
			buildConfigurations = (
				DDCE48C21A825AF0004C67CC /* Debug */,
				DDCE48C31A825AF0004C67CC /* Release */,
			);
			defaultConfigurationIsVisible = 0;
			defaultConfigurationName = Release;
		};
/* End XCConfigurationList section */
	};
	rootObject = DDCE48B21A825AEF004C67CC /* Project object */;
}
